
Microsoft Visual Studio Solution File, Format Version 12.00
# Visual Studio Version 16
VisualStudioVersion = 16.0.30413.136
MinimumVisualStudioVersion = 10.0.40219.1
Project("{9A19103F-16F7-4668-BE54-9A1E7A4F7556}") = "KampIntro", "KampIntro\KampIntro.csproj", "{F0771BF9-4836-46F9-B03F-81682BB6526B}"
EndProject
Project("{9A19103F-16F7-4668-BE54-9A1E7A4F7556}") = "Donguler", "Donguler\Donguler.csproj", "{7FA4C20A-A767-4ABA-B7D9-C0448EF36060}"
EndProject
Project("{9A19103F-16F7-4668-BE54-9A1E7A4F7556}") = "ClassIntro", "ClassIntro\ClassIntro.csproj", "{A3C7297F-5B6D-4D2A-A119-68B45AE2DB54}"
EndProject
Project("{FAE04EC0-301F-11D3-BF4B-00C04F79EFBC}") = "Metodlar", "Metodlar\Metodlar.csproj", "{54864661-CAA6-4E97-B583-4925AEEB9B3C}"
EndProject
Project("{FAE04EC0-301F-11D3-BF4B-00C04F79EFBC}") = "Matematik", "Matematik\Matematik.csproj", "{BB484F6E-3024-409D-A502-B1674F3AFAEC}"
EndProject
Project("{FAE04EC0-301F-11D3-BF4B-00C04F79EFBC}") = "DegerveReferansTipler", "DegerveReferansTipler\DegerveReferansTipler.csproj", "{7488FAFF-5141-4B5C-A5F4-763B38AF5D15}"
EndProject
Global
	GlobalSection(SolutionConfigurationPlatforms) = preSolution
		Debug|Any CPU = Debug|Any CPU
		Release|Any CPU = Release|Any CPU
	EndGlobalSection
	GlobalSection(ProjectConfigurationPlatforms) = postSolution
		{F0771BF9-4836-46F9-B03F-81682BB6526B}.Debug|Any CPU.ActiveCfg = Debug|Any CPU
		{F0771BF9-4836-46F9-B03F-81682BB6526B}.Debug|Any CPU.Build.0 = Debug|Any CPU
		{F0771BF9-4836-46F9-B03F-81682BB6526B}.Release|Any CPU.ActiveCfg = Release|Any CPU
		{F0771BF9-4836-46F9-B03F-81682BB6526B}.Release|Any CPU.Build.0 = Release|Any CPU
		{7FA4C20A-A767-4ABA-B7D9-C0448EF36060}.Debug|Any CPU.ActiveCfg = Debug|Any CPU
		{7FA4C20A-A767-4ABA-B7D9-C0448EF36060}.Debug|Any CPU.Build.0 = Debug|Any CPU
		{7FA4C20A-A767-4ABA-B7D9-C0448EF36060}.Release|Any CPU.ActiveCfg = Release|Any CPU
		{7FA4C20A-A767-4ABA-B7D9-C0448EF36060}.Release|Any CPU.Build.0 = Release|Any CPU
		{A3C7297F-5B6D-4D2A-A119-68B45AE2DB54}.Debug|Any CPU.ActiveCfg = Debug|Any CPU
		{A3C7297F-5B6D-4D2A-A119-68B45AE2DB54}.Debug|Any CPU.Build.0 = Debug|Any CPU
		{A3C7297F-5B6D-4D2A-A119-68B45AE2DB54}.Release|Any CPU.ActiveCfg = Release|Any CPU
		{A3C7297F-5B6D-4D2A-A119-68B45AE2DB54}.Release|Any CPU.Build.0 = Release|Any CPU
		{54864661-CAA6-4E97-B583-4925AEEB9B3C}.Debug|Any CPU.ActiveCfg = Debug|Any CPU
		{54864661-CAA6-4E97-B583-4925AEEB9B3C}.Debug|Any CPU.Build.0 = Debug|Any CPU
		{54864661-CAA6-4E97-B583-4925AEEB9B3C}.Release|Any CPU.ActiveCfg = Release|Any CPU
		{54864661-CAA6-4E97-B583-4925AEEB9B3C}.Release|Any CPU.Build.0 = Release|Any CPU
		{BB484F6E-3024-409D-A502-B1674F3AFAEC}.Debug|Any CPU.ActiveCfg = Debug|Any CPU
		{BB484F6E-3024-409D-A502-B1674F3AFAEC}.Debug|Any CPU.Build.0 = Debug|Any CPU
		{BB484F6E-3024-409D-A502-B1674F3AFAEC}.Release|Any CPU.ActiveCfg = Release|Any CPU
		{BB484F6E-3024-409D-A502-B1674F3AFAEC}.Release|Any CPU.Build.0 = Release|Any CPU
		{7488FAFF-5141-4B5C-A5F4-763B38AF5D15}.Debug|Any CPU.ActiveCfg = Debug|Any CPU
		{7488FAFF-5141-4B5C-A5F4-763B38AF5D15}.Debug|Any CPU.Build.0 = Debug|Any CPU
		{7488FAFF-5141-4B5C-A5F4-763B38AF5D15}.Release|Any CPU.ActiveCfg = Release|Any CPU
		{7488FAFF-5141-4B5C-A5F4-763B38AF5D15}.Release|Any CPU.Build.0 = Release|Any CPU
	EndGlobalSection
	GlobalSection(SolutionProperties) = preSolution
		HideSolutionNode = FALSE
	EndGlobalSection
	GlobalSection(ExtensibilityGlobals) = postSolution
		SolutionGuid = {CBE3FF66-212B-47F3-81F4-DE9145080166}
	EndGlobalSection
EndGlobal
